
Microsoft Visual Studio Solution File, Format Version 12.00
# Visual Studio 15
VisualStudioVersion = 15.0.28307.489
MinimumVisualStudioVersion = 10.0.40219.1
Project("{FAE04EC0-301F-11D3-BF4B-00C04F79EFBC}") = "WindowsFormsApp2", "WindowsFormsApp2\WindowsFormsApp2.csproj", "{D2F336DA-01A9-4BB8-A4AA-78356381140D}"
EndProject
Global
	GlobalSection(SolutionConfigurationPlatforms) = preSolution
		Debug|Any CPU = Debug|Any CPU
		Release|Any CPU = Release|Any CPU
	EndGlobalSection
	GlobalSection(ProjectConfigurationPlatforms) = postSolution
		{D2F336DA-01A9-4BB8-A4AA-78356381140D}.Debug|Any CPU.ActiveCfg = Debug|Any CPU
		{D2F336DA-01A9-4BB8-A4AA-78356381140D}.Debug|Any CPU.Build.0 = Debug|Any CPU
		{D2F336DA-01A9-4BB8-A4AA-78356381140D}.Release|Any CPU.ActiveCfg = Release|Any CPU
		{D2F336DA-01A9-4BB8-A4AA-78356381140D}.Release|Any CPU.Build.0 = Release|Any CPU
	EndGlobalSection
	GlobalSection(SolutionProperties) = preSolution
		HideSolutionNode = FALSE
	EndGlobalSection
	GlobalSection(ExtensibilityGlobals) = postSolution
		SolutionGuid = {F3A65771-E679-4CFD-A4BF-4923DBEED74D}
	EndGlobalSection
EndGlobal
